
Microsoft Visual Studio Solution File, Format Version 12.00
# Visual Studio 2013
VisualStudioVersion = 12.0.31101.0
MinimumVisualStudioVersion = 10.0.40219.1
Project("{FAE04EC0-301F-11D3-BF4B-00C04F79EFBC}") = "MaPaye.Module", "MaPaye.Module\MaPaye.Module.csproj", "{F777A197-C301-47E1-9654-227C6BBA0881}"
EndProject
Project("{FAE04EC0-301F-11D3-BF4B-00C04F79EFBC}") = "MaPaye.Module.Win", "MaPaye.Module.Win\MaPaye.Module.Win.csproj", "{AFD51759-302D-45A9-AC2F-B1BDB9C7ABFB}"
EndProject
Project("{FAE04EC0-301F-11D3-BF4B-00C04F79EFBC}") = "MaPaye.Win", "MaPaye.Win\MaPaye.Win.csproj", "{9F7151E2-B858-4AAD-BB05-74C9DD738355}"
EndProject
Project("{FAE04EC0-301F-11D3-BF4B-00C04F79EFBC}") = "MaPayeAdmin", "MaPayeAdmin\MaPayeAdmin.csproj", "{9AFEBD57-6CA1-4621-A8E5-D4198D13CBFB}"
EndProject
Project("{54435603-DBB4-11D2-8724-00A0C9A8B90C}") = "MaPaye2000_Setup", "MaPaye2000_Setup\MaPaye2000_Setup.vdproj", "{54845917-325C-496B-9AB1-3E44BF0EB574}"
EndProject
Project("{6141683F-8A12-4E36-9623-2EB02B2C2303}") = "MaPaye Setup", "MaPaye Setup\MaPaye Setup.isproj", "{8916D5DC-6F77-4E5A-887A-C2CC9C764E5F}"
EndProject
Global
	GlobalSection(SolutionConfigurationPlatforms) = preSolution
		CD_ROM|Any CPU = CD_ROM|Any CPU
		Debug|Any CPU = Debug|Any CPU
		DVD-5|Any CPU = DVD-5|Any CPU
		EasyTest|Any CPU = EasyTest|Any CPU
		Release|Any CPU = Release|Any CPU
		SingleImage|Any CPU = SingleImage|Any CPU
	EndGlobalSection
	GlobalSection(ProjectConfigurationPlatforms) = postSolution
		{F777A197-C301-47E1-9654-227C6BBA0881}.CD_ROM|Any CPU.ActiveCfg = Release|Any CPU
		{F777A197-C301-47E1-9654-227C6BBA0881}.CD_ROM|Any CPU.Build.0 = Release|Any CPU
		{F777A197-C301-47E1-9654-227C6BBA0881}.Debug|Any CPU.ActiveCfg = Debug|Any CPU
		{F777A197-C301-47E1-9654-227C6BBA0881}.Debug|Any CPU.Build.0 = Debug|Any CPU
		{F777A197-C301-47E1-9654-227C6BBA0881}.DVD-5|Any CPU.ActiveCfg = Debug|Any CPU
		{F777A197-C301-47E1-9654-227C6BBA0881}.DVD-5|Any CPU.Build.0 = Debug|Any CPU
		{F777A197-C301-47E1-9654-227C6BBA0881}.EasyTest|Any CPU.ActiveCfg = EasyTest|Any CPU
		{F777A197-C301-47E1-9654-227C6BBA0881}.EasyTest|Any CPU.Build.0 = EasyTest|Any CPU
		{F777A197-C301-47E1-9654-227C6BBA0881}.Release|Any CPU.ActiveCfg = Release|Any CPU
		{F777A197-C301-47E1-9654-227C6BBA0881}.Release|Any CPU.Build.0 = Release|Any CPU
		{F777A197-C301-47E1-9654-227C6BBA0881}.SingleImage|Any CPU.ActiveCfg = Release|Any CPU
		{F777A197-C301-47E1-9654-227C6BBA0881}.SingleImage|Any CPU.Build.0 = Release|Any CPU
		{AFD51759-302D-45A9-AC2F-B1BDB9C7ABFB}.CD_ROM|Any CPU.ActiveCfg = Release|Any CPU
		{AFD51759-302D-45A9-AC2F-B1BDB9C7ABFB}.CD_ROM|Any CPU.Build.0 = Release|Any CPU
		{AFD51759-302D-45A9-AC2F-B1BDB9C7ABFB}.Debug|Any CPU.ActiveCfg = Debug|Any CPU
		{AFD51759-302D-45A9-AC2F-B1BDB9C7ABFB}.Debug|Any CPU.Build.0 = Debug|Any CPU
		{AFD51759-302D-45A9-AC2F-B1BDB9C7ABFB}.DVD-5|Any CPU.ActiveCfg = Debug|Any CPU
		{AFD51759-302D-45A9-AC2F-B1BDB9C7ABFB}.DVD-5|Any CPU.Build.0 = Debug|Any CPU
		{AFD51759-302D-45A9-AC2F-B1BDB9C7ABFB}.EasyTest|Any CPU.ActiveCfg = EasyTest|Any CPU
		{AFD51759-302D-45A9-AC2F-B1BDB9C7ABFB}.EasyTest|Any CPU.Build.0 = EasyTest|Any CPU
		{AFD51759-302D-45A9-AC2F-B1BDB9C7ABFB}.Release|Any CPU.ActiveCfg = Release|Any CPU
		{AFD51759-302D-45A9-AC2F-B1BDB9C7ABFB}.Release|Any CPU.Build.0 = Release|Any CPU
		{AFD51759-302D-45A9-AC2F-B1BDB9C7ABFB}.SingleImage|Any CPU.ActiveCfg = Release|Any CPU
		{AFD51759-302D-45A9-AC2F-B1BDB9C7ABFB}.SingleImage|Any CPU.Build.0 = Release|Any CPU
		{9F7151E2-B858-4AAD-BB05-74C9DD738355}.CD_ROM|Any CPU.ActiveCfg = Release|Any CPU
		{9F7151E2-B858-4AAD-BB05-74C9DD738355}.CD_ROM|Any CPU.Build.0 = Release|Any CPU
		{9F7151E2-B858-4AAD-BB05-74C9DD738355}.Debug|Any CPU.ActiveCfg = Debug|Any CPU
		{9F7151E2-B858-4AAD-BB05-74C9DD738355}.Debug|Any CPU.Build.0 = Debug|Any CPU
		{9F7151E2-B858-4AAD-BB05-74C9DD738355}.DVD-5|Any CPU.ActiveCfg = Debug|Any CPU
		{9F7151E2-B858-4AAD-BB05-74C9DD738355}.DVD-5|Any CPU.Build.0 = Debug|Any CPU
		{9F7151E2-B858-4AAD-BB05-74C9DD738355}.EasyTest|Any CPU.ActiveCfg = EasyTest|Any CPU
		{9F7151E2-B858-4AAD-BB05-74C9DD738355}.EasyTest|Any CPU.Build.0 = EasyTest|Any CPU
		{9F7151E2-B858-4AAD-BB05-74C9DD738355}.Release|Any CPU.ActiveCfg = Release|Any CPU
		{9F7151E2-B858-4AAD-BB05-74C9DD738355}.Release|Any CPU.Build.0 = Release|Any CPU
		{9F7151E2-B858-4AAD-BB05-74C9DD738355}.SingleImage|Any CPU.ActiveCfg = Release|Any CPU
		{9F7151E2-B858-4AAD-BB05-74C9DD738355}.SingleImage|Any CPU.Build.0 = Release|Any CPU
		{9AFEBD57-6CA1-4621-A8E5-D4198D13CBFB}.CD_ROM|Any CPU.ActiveCfg = Release|Any CPU
		{9AFEBD57-6CA1-4621-A8E5-D4198D13CBFB}.CD_ROM|Any CPU.Build.0 = Release|Any CPU
		{9AFEBD57-6CA1-4621-A8E5-D4198D13CBFB}.Debug|Any CPU.ActiveCfg = Debug|Any CPU
		{9AFEBD57-6CA1-4621-A8E5-D4198D13CBFB}.Debug|Any CPU.Build.0 = Debug|Any CPU
		{9AFEBD57-6CA1-4621-A8E5-D4198D13CBFB}.DVD-5|Any CPU.ActiveCfg = Debug|Any CPU
		{9AFEBD57-6CA1-4621-A8E5-D4198D13CBFB}.DVD-5|Any CPU.Build.0 = Debug|Any CPU
		{9AFEBD57-6CA1-4621-A8E5-D4198D13CBFB}.EasyTest|Any CPU.ActiveCfg = Release|Any CPU
		{9AFEBD57-6CA1-4621-A8E5-D4198D13CBFB}.EasyTest|Any CPU.Build.0 = Release|Any CPU
		{9AFEBD57-6CA1-4621-A8E5-D4198D13CBFB}.Release|Any CPU.ActiveCfg = Release|Any CPU
		{9AFEBD57-6CA1-4621-A8E5-D4198D13CBFB}.Release|Any CPU.Build.0 = Release|Any CPU
		{9AFEBD57-6CA1-4621-A8E5-D4198D13CBFB}.SingleImage|Any CPU.ActiveCfg = Release|Any CPU
		{9AFEBD57-6CA1-4621-A8E5-D4198D13CBFB}.SingleImage|Any CPU.Build.0 = Release|Any CPU
		{54845917-325C-496B-9AB1-3E44BF0EB574}.CD_ROM|Any CPU.ActiveCfg = Release
		{54845917-325C-496B-9AB1-3E44BF0EB574}.CD_ROM|Any CPU.Build.0 = Release
		{54845917-325C-496B-9AB1-3E44BF0EB574}.Debug|Any CPU.ActiveCfg = Debug
		{54845917-325C-496B-9AB1-3E44BF0EB574}.Debug|Any CPU.Build.0 = Debug
		{54845917-325C-496B-9AB1-3E44BF0EB574}.DVD-5|Any CPU.ActiveCfg = Debug
		{54845917-325C-496B-9AB1-3E44BF0EB574}.DVD-5|Any CPU.Build.0 = Debug
		{54845917-325C-496B-9AB1-3E44BF0EB574}.EasyTest|Any CPU.ActiveCfg = Release
		{54845917-325C-496B-9AB1-3E44BF0EB574}.EasyTest|Any CPU.Build.0 = Release
		{54845917-325C-496B-9AB1-3E44BF0EB574}.Release|Any CPU.ActiveCfg = Release
		{54845917-325C-496B-9AB1-3E44BF0EB574}.Release|Any CPU.Build.0 = Release
		{54845917-325C-496B-9AB1-3E44BF0EB574}.SingleImage|Any CPU.ActiveCfg = Release
		{54845917-325C-496B-9AB1-3E44BF0EB574}.SingleImage|Any CPU.Build.0 = Release
		{8916D5DC-6F77-4E5A-887A-C2CC9C764E5F}.CD_ROM|Any CPU.ActiveCfg = CD_ROM
		{8916D5DC-6F77-4E5A-887A-C2CC9C764E5F}.CD_ROM|Any CPU.Build.0 = CD_ROM
		{8916D5DC-6F77-4E5A-887A-C2CC9C764E5F}.Debug|Any CPU.ActiveCfg = DVD-5
		{8916D5DC-6F77-4E5A-887A-C2CC9C764E5F}.Debug|Any CPU.Build.0 = DVD-5
		{8916D5DC-6F77-4E5A-887A-C2CC9C764E5F}.DVD-5|Any CPU.ActiveCfg = DVD-5
		{8916D5DC-6F77-4E5A-887A-C2CC9C764E5F}.DVD-5|Any CPU.Build.0 = DVD-5
		{8916D5DC-6F77-4E5A-887A-C2CC9C764E5F}.EasyTest|Any CPU.ActiveCfg = SingleImage
		{8916D5DC-6F77-4E5A-887A-C2CC9C764E5F}.EasyTest|Any CPU.Build.0 = SingleImage
		{8916D5DC-6F77-4E5A-887A-C2CC9C764E5F}.Release|Any CPU.ActiveCfg = SingleImage
		{8916D5DC-6F77-4E5A-887A-C2CC9C764E5F}.Release|Any CPU.Build.0 = SingleImage
		{8916D5DC-6F77-4E5A-887A-C2CC9C764E5F}.SingleImage|Any CPU.ActiveCfg = SingleImage
		{8916D5DC-6F77-4E5A-887A-C2CC9C764E5F}.SingleImage|Any CPU.Build.0 = SingleImage
	EndGlobalSection
	GlobalSection(SolutionProperties) = preSolution
		HideSolutionNode = FALSE
	EndGlobalSection
EndGlobal
